// !$*UTF8*$!
{
	archiveVersion = 1;
	classes = {
	};
	objectVersion = 48;
	objects = {

/* Begin PBXBuildFile section */
		C216D5CC1F8B1EDC00BE317F /* AppDelegate.m in Sources */ = {isa = PBXBuildFile; fileRef = C216D5CB1F8B1EDC00BE317F /* AppDelegate.m */; };
		C216D5CF1F8B1EDC00BE317F /* ViewController.m in Sources */ = {isa = PBXBuildFile; fileRef = C216D5CE1F8B1EDC00BE317F /* ViewController.m */; };
		C216D5D21F8B1EDC00BE317F /* Main.storyboard in Resources */ = {isa = PBXBuildFile; fileRef = C216D5D01F8B1EDC00BE317F /* Main.storyboard */; };
		C216D5D41F8B1EDC00BE317F /* Assets.xcassets in Resources */ = {isa = PBXBuildFile; fileRef = C216D5D31F8B1EDC00BE317F /* Assets.xcassets */; };
		C216D5D71F8B1EDC00BE317F /* LaunchScreen.storyboard in Resources */ = {isa = PBXBuildFile; fileRef = C216D5D51F8B1EDC00BE317F /* LaunchScreen.storyboard */; };
		C216D5DA1F8B1EDC00BE317F /* main.m in Sources */ = {isa = PBXBuildFile; fileRef = C216D5D91F8B1EDC00BE317F /* main.m */; };
		C216D5E21F8B1F0B00BE317F /* KNMovieViewController.m in Sources */ = {isa = PBXBuildFile; fileRef = C216D5E11F8B1F0B00BE317F /* KNMovieViewController.m */; };
		C216D5E81F8B57E200BE317F /* opening_long_1080*1920.mp4 in Resources */ = {isa = PBXBuildFile; fileRef = C216D5E71F8B57BA00BE317F /* opening_long_1080*1920.mp4 */; };
/* End PBXBuildFile section */

/* Begin PBXFileReference section */
		C216D5C71F8B1EDC00BE317F /* KNStartMovie.app */ = {isa = PBXFileReference; explicitFileType = wrapper.application; includeInIndex = 0; path = KNStartMovie.app; sourceTree = BUILT_PRODUCTS_DIR; };
		C216D5CA1F8B1EDC00BE317F /* AppDelegate.h */ = {isa = PBXFileReference; lastKnownFileType = sourcecode.c.h; path = AppDelegate.h; sourceTree = "<group>"; };
		C216D5CB1F8B1EDC00BE317F /* AppDelegate.m */ = {isa = PBXFileReference; lastKnownFileType = sourcecode.c.objc; path = AppDelegate.m; sourceTree = "<group>"; };
		C216D5CD1F8B1EDC00BE317F /* ViewController.h */ = {isa = PBXFileReference; lastKnownFileType = sourcecode.c.h; path = ViewController.h; sourceTree = "<group>"; };
		C216D5CE1F8B1EDC00BE317F /* ViewController.m */ = {isa = PBXFileReference; lastKnownFileType = sourcecode.c.objc; path = ViewController.m; sourceTree = "<group>"; };
		C216D5D11F8B1EDC00BE317F /* Base */ = {isa = PBXFileReference; lastKnownFileType = file.storyboard; name = Base; path = Base.lproj/Main.storyboard; sourceTree = "<group>"; };
		C216D5D31F8B1EDC00BE317F /* Assets.xcassets */ = {isa = PBXFileReference; lastKnownFileType = folder.assetcatalog; path = Assets.xcassets; sourceTree = "<group>"; };
		C216D5D61F8B1EDC00BE317F /* Base */ = {isa = PBXFileReference; lastKnownFileType = file.storyboard; name = Base; path = Base.lproj/LaunchScreen.storyboard; sourceTree = "<group>"; };
		C216D5D81F8B1EDC00BE317F /* Info.plist */ = {isa = PBXFileReference; lastKnownFileType = text.plist.xml; path = Info.plist; sourceTree = "<group>"; };
		C216D5D91F8B1EDC00BE317F /* main.m */ = {isa = PBXFileReference; lastKnownFileType = sourcecode.c.objc; path = main.m; sourceTree = "<group>"; };
		C216D5E01F8B1F0B00BE317F /* KNMovieViewController.h */ = {isa = PBXFileReference; lastKnownFileType = sourcecode.c.h; path = KNMovieViewController.h; sourceTree = "<group>"; };
		C216D5E11F8B1F0B00BE317F /* KNMovieViewController.m */ = {isa = PBXFileReference; lastKnownFileType = sourcecode.c.objc; path = KNMovieViewController.m; sourceTree = "<group>"; };
		C216D5E71F8B57BA00BE317F /* opening_long_1080*1920.mp4 */ = {isa = PBXFileReference; lastKnownFileType = file; path = "opening_long_1080*1920.mp4"; sourceTree = "<group>"; };
/* End PBXFileReference section */

/* Begin PBXFrameworksBuildPhase section */
		C216D5C41F8B1EDC00BE317F /* Frameworks */ = {
			isa = PBXFrameworksBuildPhase;
			buildActionMask = 2147483647;
			files = (
			);
			runOnlyForDeploymentPostprocessing = 0;
		};
/* End PBXFrameworksBuildPhase section */

/* Begin PBXGroup section */
		C216D5BE1F8B1EDC00BE317F = {
			isa = PBXGroup;
			children = (
				C216D5C91F8B1EDC00BE317F /* KNStartMovie */,
				C216D5C81F8B1EDC00BE317F /* Products */,
			);
			sourceTree = "<group>";
		};
		C216D5C81F8B1EDC00BE317F /* Products */ = {
			isa = PBXGroup;
			children = (
				C216D5C71F8B1EDC00BE317F /* KNStartMovie.app */,
			);
			name = Products;
			sourceTree = "<group>";
		};
		C216D5C91F8B1EDC00BE317F /* KNStartMovie */ = {
			isa = PBXGroup;
			children = (
				C216D5E71F8B57BA00BE317F /* opening_long_1080*1920.mp4 */,
				C216D5CA1F8B1EDC00BE317F /* AppDelegate.h */,
				C216D5CB1F8B1EDC00BE317F /* AppDelegate.m */,
				C216D5CD1F8B1EDC00BE317F /* ViewController.h */,
				C216D5CE1F8B1EDC00BE317F /* ViewController.m */,
				C216D5D01F8B1EDC00BE317F /* Main.storyboard */,
				C216D5E01F8B1F0B00BE317F /* KNMovieViewController.h */,
				C216D5E11F8B1F0B00BE317F /* KNMovieViewController.m */,
				C216D5D31F8B1EDC00BE317F /* Assets.xcassets */,
				C216D5D51F8B1EDC00BE317F /* LaunchScreen.storyboard */,
				C216D5D81F8B1EDC00BE317F /* Info.plist */,
				C216D5D91F8B1EDC00BE317F /* main.m */,
			);
			path = KNStartMovie;
			sourceTree = "<group>";
		};
/* End PBXGroup section */

/* Begin PBXNativeTarget section */
		C216D5C61F8B1EDC00BE317F /* KNStartMovie */ = {
			isa = PBXNativeTarget;
			buildConfigurationList = C216D5DD1F8B1EDC00BE317F /* Build configuration list for PBXNativeTarget "KNStartMovie" */;
			buildPhases = (
				C216D5C31F8B1EDC00BE317F /* Sources */,
				C216D5C41F8B1EDC00BE317F /* Frameworks */,
				C216D5C51F8B1EDC00BE317F /* Resources */,
			);
			buildRules = (
			);
			dependencies = (
			);
			name = KNStartMovie;
			productName = KNStartMovie;
			productReference = C216D5C71F8B1EDC00BE317F /* KNStartMovie.app */;
			productType = "com.apple.product-type.application";
		};
/* End PBXNativeTarget section */

/* Begin PBXProject section */
		C216D5BF1F8B1EDC00BE317F /* Project object */ = {
			isa = PBXProject;
			attributes = {
				LastUpgradeCheck = 0900;
				ORGANIZATIONNAME = KrystalName;
				TargetAttributes = {
					C216D5C61F8B1EDC00BE317F = {
						CreatedOnToolsVersion = 9.0;
						ProvisioningStyle = Automatic;
						SystemCapabilities = {
							com.apple.BackgroundModes = {
								enabled = 1;
							};
						};
					};
				};
			};
			buildConfigurationList = C216D5C21F8B1EDC00BE317F /* Build configuration list for PBXProject "KNStartMovie" */;
			compatibilityVersion = "Xcode 8.0";
			developmentRegion = en;
			hasScannedForEncodings = 0;
			knownRegions = (
				en,
				Base,
			);
			mainGroup = C216D5BE1F8B1EDC00BE317F;
			productRefGroup = C216D5C81F8B1EDC00BE317F /* Products */;
			projectDirPath = "";
			projectRoot = "";
			targets = (
				C216D5C61F8B1EDC00BE317F /* KNStartMovie */,
			);
		};
/* End PBXProject section */

/* Begin PBXResourcesBuildPhase section */
		C216D5C51F8B1EDC00BE317F /* Resources */ = {
			isa = PBXResourcesBuildPhase;
			buildActionMask = 2147483647;
			files = (
				C216D5E81F8B57E200BE317F /* opening_long_1080*1920.mp4 in Resources */,
				C216D5D71F8B1EDC00BE317F /* LaunchScreen.storyboard in Resources */,
				C216D5D41F8B1EDC00BE317F /* Assets.xcassets in Resources */,
				C216D5D21F8B1EDC00BE317F /* Main.storyboard in Resources */,
			);
			runOnlyForDeploymentPostprocessing = 0;
		};
/* End PBXResourcesBuildPhase section */

/* Begin PBXSourcesBuildPhase section */
		C216D5C31F8B1EDC00BE317F /* Sources */ = {
			isa = PBXSourcesBuildPhase;
			buildActionMask = 2147483647;
			files = (
				C216D5CF1F8B1EDC00BE317F /* ViewController.m in Sources */,
				C216D5DA1F8B1EDC00BE317F /* main.m in Sources */,
				C216D5E21F8B1F0B00BE317F /* KNMovieViewController.m in Sources */,
				C216D5CC1F8B1EDC00BE317F /* AppDelegate.m in Sources */,
			);
			runOnlyForDeploymentPostprocessing = 0;
		};
/* End PBXSourcesBuildPhase section */

/* Begin PBXVariantGroup section */
		C216D5D01F8B1EDC00BE317F /* Main.storyboard */ = {
			isa = PBXVariantGroup;
			children = (
				C216D5D11F8B1EDC00BE317F /* Base */,
			);
			name = Main.storyboard;
			sourceTree = "<group>";
		};
		C216D5D51F8B1EDC00BE317F /* LaunchScreen.storyboard */ = {
			isa = PBXVariantGroup;
			children = (
				C216D5D61F8B1EDC00BE317F /* Base */,
			);
			name = LaunchScreen.storyboard;
			sourceTree = "<group>";
		};
/* End PBXVariantGroup section */

/* Begin XCBuildConfiguration section */
		C216D5DB1F8B1EDC00BE317F /* Debug */ = {
			isa = XCBuildConfiguration;
			buildSettings = {
				ALWAYS_SEARCH_USER_PATHS = NO;
				CLANG_ANALYZER_NONNULL = YES;
				CLANG_ANALYZER_NUMBER_OBJECT_CONVERSION = YES_AGGRESSIVE;
				CLANG_CXX_LANGUAGE_STANDARD = "gnu++14";
				CLANG_CXX_LIBRARY = "libc++";
				CLANG_ENABLE_MODULES = YES;
				CLANG_ENABLE_OBJC_ARC = YES;
				CLANG_WARN_BLOCK_CAPTURE_AUTORELEASING = YES;
				CLANG_WARN_BOOL_CONVERSION = YES;
				CLANG_WARN_COMMA = YES;
				CLANG_WARN_CONSTANT_CONVERSION = YES;
				CLANG_WARN_DIRECT_OBJC_ISA_USAGE = YES_ERROR;
				CLANG_WARN_DOCUMENTATION_COMMENTS = YES;
				CLANG_WARN_EMPTY_BODY = YES;
				CLANG_WARN_ENUM_CONVERSION = YES;
				CLANG_WARN_INFINITE_RECURSION = YES;
				CLANG_WARN_INT_CONVERSION = YES;
				CLANG_WARN_NON_LITERAL_NULL_CONVERSION = YES;
				CLANG_WARN_OBJC_LITERAL_CONVERSION = YES;
				CLANG_WARN_OBJC_ROOT_CLASS = YES_ERROR;
				CLANG_WARN_RANGE_LOOP_ANALYSIS = YES;
				CLANG_WARN_STRICT_PROTOTYPES = YES;
				CLANG_WARN_SUSPICIOUS_MOVE = YES;
				CLANG_WARN_UNGUARDED_AVAILABILITY = YES_AGGRESSIVE;
				CLANG_WARN_UNREACHABLE_CODE = YES;
				CLANG_WARN__DUPLICATE_METHOD_MATCH = YES;
				CODE_SIGN_IDENTITY = "iPhone Developer";
				COPY_PHASE_STRIP = NO;
				DEBUG_INFORMATION_FORMAT = dwarf;
				ENABLE_STRICT_OBJC_MSGSEND = YES;
				ENABLE_TESTABILITY = YES;
				GCC_C_LANGUAGE_STANDARD = gnu11;
				GCC_DYNAMIC_NO_PIC = NO;
				GCC_NO_COMMON_BLOCKS = YES;
				GCC_OPTIMIZATION_LEVEL = 0;
				GCC_PREPROCESSOR_DEFINITIONS = (
					"DEBUG=1",
					"$(inherited)",
				);
				GCC_WARN_64_TO_32_BIT_CONVERSION = YES;
				GCC_WARN_ABOUT_RETURN_TYPE = YES_ERROR;
				GCC_WARN_UNDECLARED_SELECTOR = YES;
				GCC_WARN_UNINITIALIZED_AUTOS = YES_AGGRESSIVE;
				GCC_WARN_UNUSED_FUNCTION = YES;
				GCC_WARN_UNUSED_VARIABLE = YES;
				IPHONEOS_DEPLOYMENT_TARGET = 11.0;
				MTL_ENABLE_DEBUG_INFO = YES;
				ONLY_ACTIVE_ARCH = YES;
				SDKROOT = iphoneos;
			};
			name = Debug;
		};
		C216D5DC1F8B1EDC00BE317F /* Release */ = {
			isa = XCBuildConfiguration;
			buildSettings = {
				ALWAYS_SEARCH_USER_PATHS = NO;
				CLANG_ANALYZER_NONNULL = YES;
				CLANG_ANALYZER_NUMBER_OBJECT_CONVERSION = YES_AGGRESSIVE;
				CLANG_CXX_LANGUAGE_STANDARD = "gnu++14";
				CLANG_CXX_LIBRARY = "libc++";
				CLANG_ENABLE_MODULES = YES;
				CLANG_ENABLE_OBJC_ARC = YES;
				CLANG_WARN_BLOCK_CAPTURE_AUTORELEASING = YES;
				CLANG_WARN_BOOL_CONVERSION = YES;
				CLANG_WARN_COMMA = YES;
				CLANG_WARN_CONSTANT_CONVERSION = YES;
				CLANG_WARN_DIRECT_OBJC_ISA_USAGE = YES_ERROR;
				CLANG_WARN_DOCUMENTATION_COMMENTS = YES;
				CLANG_WARN_EMPTY_BODY = YES;
				CLANG_WARN_ENUM_CONVERSION = YES;
				CLANG_WARN_INFINITE_RECURSION = YES;
				CLANG_WARN_INT_CONVERSION = YES;
				CLANG_WARN_NON_LITERAL_NULL_CONVERSION = YES;
				CLANG_WARN_OBJC_LITERAL_CONVERSION = YES;
				CLANG_WARN_OBJC_ROOT_CLASS = YES_ERROR;
				CLANG_WARN_RANGE_LOOP_ANALYSIS = YES;
				CLANG_WARN_STRICT_PROTOTYPES = YES;
				CLANG_WARN_SUSPICIOUS_MOVE = YES;
				CLANG_WARN_UNGUARDED_AVAILABILITY = YES_AGGRESSIVE;
				CLANG_WARN_UNREACHABLE_CODE = YES;
				CLANG_WARN__DUPLICATE_METHOD_MATCH = YES;
				CODE_SIGN_IDENTITY = "iPhone Developer";
				COPY_PHASE_STRIP = NO;
				DEBUG_INFORMATION_FORMAT = "dwarf-with-dsym";
				ENABLE_NS_ASSERTIONS = NO;
				ENABLE_STRICT_OBJC_MSGSEND = YES;
				GCC_C_LANGUAGE_STANDARD = gnu11;
				GCC_NO_COMMON_BLOCKS = YES;
				GCC_WARN_64_TO_32_BIT_CONVERSION = YES;
				GCC_WARN_ABOUT_RETURN_TYPE = YES_ERROR;
				GCC_WARN_UNDECLARED_SELECTOR = YES;
				GCC_WARN_UNINITIALIZED_AUTOS = YES_AGGRESSIVE;
				GCC_WARN_UNUSED_FUNCTION = YES;
				GCC_WARN_UNUSED_VARIABLE = YES;
				IPHONEOS_DEPLOYMENT_TARGET = 11.0;
				MTL_ENABLE_DEBUG_INFO = NO;
				SDKROOT = iphoneos;
				VALIDATE_PRODUCT = YES;
			};
			name = Release;
		};
		C216D5DE1F8B1EDC00BE317F /* Debug */ = {
			isa = XCBuildConfiguration;
			buildSettings = {
				ASSETCATALOG_COMPILER_APPICON_NAME = AppIcon;
				CODE_SIGN_STYLE = Automatic;
				DEVELOPMENT_TEAM = VG6Q85865M;
				INFOPLIST_FILE = KNStartMovie/Info.plist;
				LD_RUNPATH_SEARCH_PATHS = "$(inherited) @executable_path/Frameworks";
				PRODUCT_BUNDLE_IDENTIFIER = Leessang.KNStartMovie;
				PRODUCT_NAME = "$(TARGET_NAME)";
				TARGETED_DEVICE_FAMILY = "1,2";
			};
			name = Debug;
		};
		C216D5DF1F8B1EDC00BE317F /* Release */ = {
			isa = XCBuildConfiguration;
			buildSettings = {
				ASSETCATALOG_COMPILER_APPICON_NAME = AppIcon;
				CODE_SIGN_STYLE = Automatic;
				DEVELOPMENT_TEAM = VG6Q85865M;
				INFOPLIST_FILE = KNStartMovie/Info.plist;
				LD_RUNPATH_SEARCH_PATHS = "$(inherited) @executable_path/Frameworks";
				PRODUCT_BUNDLE_IDENTIFIER = Leessang.KNStartMovie;
				PRODUCT_NAME = "$(TARGET_NAME)";
				TARGETED_DEVICE_FAMILY = "1,2";
			};
			name = Release;
		};
/* End XCBuildConfiguration section */

/* Begin XCConfigurationList section */
		C216D5C21F8B1EDC00BE317F /* Build configuration list for PBXProject "KNStartMovie" */ = {
			isa = XCConfigurationList;
			buildConfigurations = (
				C216D5DB1F8B1EDC00BE317F /* Debug */,
				C216D5DC1F8B1EDC00BE317F /* Release */,
			);
			defaultConfigurationIsVisible = 0;
			defaultConfigurationName = Release;
		};
		C216D5DD1F8B1EDC00BE317F /* Build configuration list for PBXNativeTarget "KNStartMovie" */ = {
			isa = XCConfigurationList;
			buildConfigurations = (
				C216D5DE1F8B1EDC00BE317F /* Debug */,
				C216D5DF1F8B1EDC00BE317F /* Release */,
			);
			defaultConfigurationIsVisible = 0;
			defaultConfigurationName = Release;
		};
/* End XCConfigurationList section */
	};
	rootObject = C216D5BF1F8B1EDC00BE317F /* Project object */;
}
